
Microsoft Visual Studio Solution File, Format Version 12.00
# Visual Studio 15
VisualStudioVersion = 15.0.28010.2003
MinimumVisualStudioVersion = 10.0.40219.1
Project("{9A19103F-16F7-4668-BE54-9A1E7A4F7556}") = "Converter", "Console\Converter.csproj", "{D8476199-54F0-491B-9FFF-BFA39422CC4B}"
EndProject
Project("{9A19103F-16F7-4668-BE54-9A1E7A4F7556}") = "ConverterLibrary", "ConverterLibrary\ConverterLibrary.csproj", "{A4CD91FE-67B4-467D-8AA1-99FE3374F7BF}"
EndProject
Project("{9A19103F-16F7-4668-BE54-9A1E7A4F7556}") = "WordpressWXR12", "WordpressWXR12\WordpressWXR12.csproj", "{CD159F8B-D1FD-4B98-9887-365082BA3540}"
EndProject
Project("{9A19103F-16F7-4668-BE54-9A1E7A4F7556}") = "HugoModels", "HugoModels\HugoModels.csproj", "{91584D94-4059-4F5D-9646-AC194E5F15D3}"
EndProject
Project("{2150E333-8FDC-42A3-9474-1A3956D46DE8}") = "SolutionItems", "SolutionItems", "{E34786A3-1CAB-45F6-AA85-BD2EE3CA8694}"
	ProjectSection(SolutionItems) = preProject
		..\.gitignore = ..\.gitignore
		..\LICENSE = ..\LICENSE
		..\README.md = ..\README.md
	EndProjectSection
EndProject
Global
	GlobalSection(SolutionConfigurationPlatforms) = preSolution
		Debug|Any CPU = Debug|Any CPU
		Release|Any CPU = Release|Any CPU
	EndGlobalSection
	GlobalSection(ProjectConfigurationPlatforms) = postSolution
		{D8476199-54F0-491B-9FFF-BFA39422CC4B}.Debug|Any CPU.ActiveCfg = Debug|Any CPU
		{D8476199-54F0-491B-9FFF-BFA39422CC4B}.Debug|Any CPU.Build.0 = Debug|Any CPU
		{D8476199-54F0-491B-9FFF-BFA39422CC4B}.Release|Any CPU.ActiveCfg = Release|Any CPU
		{D8476199-54F0-491B-9FFF-BFA39422CC4B}.Release|Any CPU.Build.0 = Release|Any CPU
		{A4CD91FE-67B4-467D-8AA1-99FE3374F7BF}.Debug|Any CPU.ActiveCfg = Debug|Any CPU
		{A4CD91FE-67B4-467D-8AA1-99FE3374F7BF}.Debug|Any CPU.Build.0 = Debug|Any CPU
		{A4CD91FE-67B4-467D-8AA1-99FE3374F7BF}.Release|Any CPU.ActiveCfg = Release|Any CPU
		{A4CD91FE-67B4-467D-8AA1-99FE3374F7BF}.Release|Any CPU.Build.0 = Release|Any CPU
		{CD159F8B-D1FD-4B98-9887-365082BA3540}.Debug|Any CPU.ActiveCfg = Debug|Any CPU
		{CD159F8B-D1FD-4B98-9887-365082BA3540}.Debug|Any CPU.Build.0 = Debug|Any CPU
		{CD159F8B-D1FD-4B98-9887-365082BA3540}.Release|Any CPU.ActiveCfg = Release|Any CPU
		{CD159F8B-D1FD-4B98-9887-365082BA3540}.Release|Any CPU.Build.0 = Release|Any CPU
		{91584D94-4059-4F5D-9646-AC194E5F15D3}.Debug|Any CPU.ActiveCfg = Debug|Any CPU
		{91584D94-4059-4F5D-9646-AC194E5F15D3}.Debug|Any CPU.Build.0 = Debug|Any CPU
		{91584D94-4059-4F5D-9646-AC194E5F15D3}.Release|Any CPU.ActiveCfg = Release|Any CPU
		{91584D94-4059-4F5D-9646-AC194E5F15D3}.Release|Any CPU.Build.0 = Release|Any CPU
	EndGlobalSection
	GlobalSection(SolutionProperties) = preSolution
		HideSolutionNode = FALSE
	EndGlobalSection
	GlobalSection(ExtensibilityGlobals) = postSolution
		SolutionGuid = {DB35E8AD-45EA-4B09-8E85-108AC41A688F}
	EndGlobalSection
EndGlobal
