
Microsoft Visual Studio Solution File, Format Version 12.00
# Visual Studio 15
VisualStudioVersion = 15.0.28010.2003
MinimumVisualStudioVersion = 10.0.40219.1
Project("{9A19103F-16F7-4668-BE54-9A1E7A4F7556}") = "Converter", "Console\Converter.csproj", "{D8476199-54F0-491B-9FFF-BFA39422CC4B}"
EndProject
Global
	GlobalSection(SolutionConfigurationPlatforms) = preSolution
		Debug|Any CPU = Debug|Any CPU
		Release|Any CPU = Release|Any CPU
	EndGlobalSection
	GlobalSection(ProjectConfigurationPlatforms) = postSolution
		{D8476199-54F0-491B-9FFF-BFA39422CC4B}.Debug|Any CPU.ActiveCfg = Debug|Any CPU
		{D8476199-54F0-491B-9FFF-BFA39422CC4B}.Debug|Any CPU.Build.0 = Debug|Any CPU
		{D8476199-54F0-491B-9FFF-BFA39422CC4B}.Release|Any CPU.ActiveCfg = Release|Any CPU
		{D8476199-54F0-491B-9FFF-BFA39422CC4B}.Release|Any CPU.Build.0 = Release|Any CPU
	EndGlobalSection
	GlobalSection(SolutionProperties) = preSolution
		HideSolutionNode = FALSE
	EndGlobalSection
	GlobalSection(ExtensibilityGlobals) = postSolution
		SolutionGuid = {DB35E8AD-45EA-4B09-8E85-108AC41A688F}
	EndGlobalSection
EndGlobal
